{
    "_readme": [
        "This file locks the dependencies of your project to a known state",
        "Read more about it at https://getcomposer.org/doc/01-basic-usage.md#composer-lock-the-lock-file",
        "This file is @generated automatically"
    ],
    "hash": "0c9dfb026f7ba2570c2a8e9eb4378bf8",
    "content-hash": "68a2835cf27e754b6ea61f29df144a45",
    "packages": [
        {
            "name": "aweber/aweber",
            "version": "v1.1.14",
            "source": {
                "type": "git",
                "url": "https://github.com/aweber/AWeber-API-PHP-Library.git",
                "reference": "509abd47ae05f760239f2f5d12eef7ba330b111a"
            },
            "dist": {
                "type": "zip",
                "url": "https://api.github.com/repos/aweber/AWeber-API-PHP-Library/zipball/509abd47ae05f760239f2f5d12eef7ba330b111a",
                "reference": "509abd47ae05f760239f2f5d12eef7ba330b111a",
                "shasum": ""
            },
            "type": "library",
            "autoload": {
                "psr-4": {
                    "": "aweber_api/"
                }
            },
            "notification-url": "https://packagist.org/downloads/",
            "license": [
                "GPL-2.0"
            ],
            "description": "The official AWeber API client library.",
            "homepage": "https://www.aweber.com",
            "keywords": [
                "api",
                "client",
                "email"
            ],
            "time": "2015-02-19 18:16:21"
        },
        {
            "name": "drewm/mailchimp-api",
            "version": "v1.1",
            "source": {
                "type": "git",
                "url": "https://github.com/drewm/mailchimp-api.git",
                "reference": "707d555962442b21a75683a56bdb7cebd0a19f72"
            },
            "dist": {
                "type": "zip",
                "url": "https://api.github.com/repos/drewm/mailchimp-api/zipball/707d555962442b21a75683a56bdb7cebd0a19f72",
                "reference": "707d555962442b21a75683a56bdb7cebd0a19f72",
                "shasum": ""
            },
            "require": {
                "php": ">=5.3"
            },
            "type": "library",
            "autoload": {
                "psr-0": {
                    "Drewm": "src/"
                }
            },
            "notification-url": "https://packagist.org/downloads/",
            "license": [
                "MIT"
            ],
            "authors": [
                {
                    "name": "Drew McLellan",
                    "homepage": "http://allinthehead.com/"
                }
            ],
            "description": "Super-simple, minimum abstraction MailChimp API v2 wrapper",
            "homepage": "https://github.com/drewm/mailchimp-api",
            "time": "2015-07-07 15:38:25"
        },
        {
            "name": "gambitph/titan-framework",
            "version": "1.9.2",
            "source": {
                "type": "git",
                "url": "https://github.com/gambitph/Titan-Framework.git",
                "reference": "793bee37350acf4ff10ebf1068aa6d16cdc44da1"
            },
            "dist": {
                "type": "zip",
                "url": "https://api.github.com/repos/gambitph/Titan-Framework/zipball/793bee37350acf4ff10ebf1068aa6d16cdc44da1",
                "reference": "793bee37350acf4ff10ebf1068aa6d16cdc44da1",
                "shasum": ""
            },
            "type": "library",
            "autoload": {
                "files": [
                    "titan-framework.php"
                ]
            },
            "notification-url": "https://packagist.org/downloads/",
            "license": [
                "GPLv2+"
            ],
            "authors": [
                {
                    "name": "Gambit Technologies",
                    "email": "info@gambit.ph",
                    "homepage": "http://www.titanframework.net/",
                    "role": "Developer"
                }
            ],
            "description": "Titan Framework allows theme and plugin developers to create admin pages, options, meta boxes, and theme customizer options with just a few simple lines of code.",
            "homepage": "https://github.com/gambitph/Titan-Framework",
            "keywords": [
                "Titan Framework",
                "framework",
                "options",
                "titan",
                "wordpress"
            ],
            "time": "2015-10-06 16:21:47"
        },
        {
            "name": "julien731/wp-dismissible-notices-handler",
            "version": "dev-master",
            "source": {
                "type": "git",
                "url": "https://github.com/julien731/WP-Dismissible-Notices-Handler.git",
                "reference": "b2be68d3b188e3dbc5a203f846036c9f9df4b255"
            },
            "dist": {
                "type": "zip",
                "url": "https://api.github.com/repos/julien731/WP-Dismissible-Notices-Handler/zipball/b2be68d3b188e3dbc5a203f846036c9f9df4b255",
                "reference": "b2be68d3b188e3dbc5a203f846036c9f9df4b255",
                "shasum": ""
            },
            "require": {
                "php": ">=5.5.0"
            },
            "type": "library",
            "notification-url": "https://packagist.org/downloads/",
            "license": [
                "GNU GPL"
            ],
            "authors": [
                {
                    "name": "Julien Liabeuf",
                    "email": "julien@liabeuf.fr",
                    "homepage": "https://julienliabeuf.com",
                    "role": "Lead Developer"
                }
            ],
            "description": "A simple library to handle Ajax-dismissible admin notices for WordPress",
            "homepage": "https://github.com/julien731/WP-Dismissible-Notices-Handler",
            "time": "2016-03-05 11:33:47"
        }
    ],
    "packages-dev": [],
    "aliases": [],
    "minimum-stability": "stable",
    "stability-flags": {
        "julien731/wp-dismissible-notices-handler": 20
    },
    "prefer-stable": false,
    "prefer-lowest": false,
    "platform": [],
    "platform-dev": []
}
