{
    "_readme": [
        "This file locks the dependencies of your project to a known state",
        "Read more about it at https://getcomposer.org/doc/01-basic-usage.md#composer-lock-the-lock-file",
        "This file is @generated automatically"
    ],
    "hash": "a09c5e6beb6703e0292c0e0b8579c67d",
    "packages": [
        {
            "name": "gambitph/titan-framework",
            "version": "1.9.1",
            "source": {
                "type": "git",
                "url": "https://github.com/gambitph/Titan-Framework.git",
                "reference": "a406614e97e161f4723020dee0eded7666da781c"
            },
            "dist": {
                "type": "zip",
                "url": "https://api.github.com/repos/gambitph/Titan-Framework/zipball/a406614e97e161f4723020dee0eded7666da781c",
                "reference": "a406614e97e161f4723020dee0eded7666da781c",
                "shasum": ""
            },
            "type": "library",
            "autoload": {
                "files": [
                    "titan-framework.php"
                ]
            },
            "notification-url": "https://packagist.org/downloads/",
            "license": [
                "GPLv2+"
            ],
            "authors": [
                {
                    "name": "Gambit Technologies",
                    "email": "info@gambit.ph",
                    "homepage": "http://www.titanframework.net/",
                    "role": "Developer"
                }
            ],
            "description": "Titan Framework allows theme and plugin developers to create admin pages, options, meta boxes, and theme customizer options with just a few simple lines of code.",
            "homepage": "https://github.com/gambitph/Titan-Framework",
            "keywords": [
                "Titan Framework",
                "framework",
                "options",
                "titan",
                "wordpress"
            ],
            "time": "2015-09-26 15:45:31"
        }
    ],
    "packages-dev": [],
    "aliases": [],
    "minimum-stability": "stable",
    "stability-flags": [],
    "prefer-stable": false,
    "prefer-lowest": false,
    "platform": [],
    "platform-dev": []
}
